
Microsoft Visual Studio Solution File, Format Version 12.00
# Visual Studio Version 17
VisualStudioVersion = 17.5.002.0
MinimumVisualStudioVersion = 10.0.40219.1
Project("{9A19103F-16F7-4668-BE54-9A1E7A4F7556}") = "ContactsApp", "ContactsApp.csproj", "{5BF3FF4F-0224-4922-92DF-AC84405EC68D}"
EndProject
Global
	GlobalSection(SolutionConfigurationPlatforms) = preSolution
		Debug|Any CPU = Debug|Any CPU
		Release|Any CPU = Release|Any CPU
	EndGlobalSection
	GlobalSection(ProjectConfigurationPlatforms) = postSolution
		{5BF3FF4F-0224-4922-92DF-AC84405EC68D}.Debug|Any CPU.ActiveCfg = Debug|Any CPU
		{5BF3FF4F-0224-4922-92DF-AC84405EC68D}.Debug|Any CPU.Build.0 = Debug|Any CPU
		{5BF3FF4F-0224-4922-92DF-AC84405EC68D}.Release|Any CPU.ActiveCfg = Release|Any CPU
		{5BF3FF4F-0224-4922-92DF-AC84405EC68D}.Release|Any CPU.Build.0 = Release|Any CPU
	EndGlobalSection
	GlobalSection(SolutionProperties) = preSolution
		HideSolutionNode = FALSE
	EndGlobalSection
	GlobalSection(ExtensibilityGlobals) = postSolution
		SolutionGuid = {8ECD1B42-2496-4021-B736-2DB9D4EF7886}
	EndGlobalSection
EndGlobal
